
Microsoft Visual Studio Solution File, Format Version 12.00
# Visual Studio Version 17
VisualStudioVersion = 17.7.34003.232
MinimumVisualStudioVersion = 10.0.40219.1
Project("{9A19103F-16F7-4668-BE54-9A1E7A4F7556}") = "ConsoleUI", "ConsoleUI\ConsoleUI.csproj", "{8776EF2D-803B-4D1B-BBAB-A5AE0B51A318}"
EndProject
Project("{9A19103F-16F7-4668-BE54-9A1E7A4F7556}") = "Entities", "Entities\Entities.csproj", "{41857102-876F-4ACB-9BD2-B7A06E06A7CE}"
EndProject
Project("{9A19103F-16F7-4668-BE54-9A1E7A4F7556}") = "Core", "Core\Core.csproj", "{4F7C92AD-8917-4569-9C87-8F7115CAA8FF}"
EndProject
Project("{9A19103F-16F7-4668-BE54-9A1E7A4F7556}") = "DataAccess", "DataAccess\DataAccess.csproj", "{F7D3BA06-1FDD-4E96-9BDE-65C27645D555}"
EndProject
Project("{9A19103F-16F7-4668-BE54-9A1E7A4F7556}") = "Business", "Business\Business.csproj", "{CD24D8E7-1198-4667-B554-51359F9EBD9F}"
EndProject
Global
	GlobalSection(SolutionConfigurationPlatforms) = preSolution
		Debug|Any CPU = Debug|Any CPU
		Release|Any CPU = Release|Any CPU
	EndGlobalSection
	GlobalSection(ProjectConfigurationPlatforms) = postSolution
		{8776EF2D-803B-4D1B-BBAB-A5AE0B51A318}.Debug|Any CPU.ActiveCfg = Debug|Any CPU
		{8776EF2D-803B-4D1B-BBAB-A5AE0B51A318}.Debug|Any CPU.Build.0 = Debug|Any CPU
		{8776EF2D-803B-4D1B-BBAB-A5AE0B51A318}.Release|Any CPU.ActiveCfg = Release|Any CPU
		{8776EF2D-803B-4D1B-BBAB-A5AE0B51A318}.Release|Any CPU.Build.0 = Release|Any CPU
		{41857102-876F-4ACB-9BD2-B7A06E06A7CE}.Debug|Any CPU.ActiveCfg = Debug|Any CPU
		{41857102-876F-4ACB-9BD2-B7A06E06A7CE}.Debug|Any CPU.Build.0 = Debug|Any CPU
		{41857102-876F-4ACB-9BD2-B7A06E06A7CE}.Release|Any CPU.ActiveCfg = Release|Any CPU
		{41857102-876F-4ACB-9BD2-B7A06E06A7CE}.Release|Any CPU.Build.0 = Release|Any CPU
		{4F7C92AD-8917-4569-9C87-8F7115CAA8FF}.Debug|Any CPU.ActiveCfg = Debug|Any CPU
		{4F7C92AD-8917-4569-9C87-8F7115CAA8FF}.Debug|Any CPU.Build.0 = Debug|Any CPU
		{4F7C92AD-8917-4569-9C87-8F7115CAA8FF}.Release|Any CPU.ActiveCfg = Release|Any CPU
		{4F7C92AD-8917-4569-9C87-8F7115CAA8FF}.Release|Any CPU.Build.0 = Release|Any CPU
		{F7D3BA06-1FDD-4E96-9BDE-65C27645D555}.Debug|Any CPU.ActiveCfg = Debug|Any CPU
		{F7D3BA06-1FDD-4E96-9BDE-65C27645D555}.Debug|Any CPU.Build.0 = Debug|Any CPU
		{F7D3BA06-1FDD-4E96-9BDE-65C27645D555}.Release|Any CPU.ActiveCfg = Release|Any CPU
		{F7D3BA06-1FDD-4E96-9BDE-65C27645D555}.Release|Any CPU.Build.0 = Release|Any CPU
		{CD24D8E7-1198-4667-B554-51359F9EBD9F}.Debug|Any CPU.ActiveCfg = Debug|Any CPU
		{CD24D8E7-1198-4667-B554-51359F9EBD9F}.Debug|Any CPU.Build.0 = Debug|Any CPU
		{CD24D8E7-1198-4667-B554-51359F9EBD9F}.Release|Any CPU.ActiveCfg = Release|Any CPU
		{CD24D8E7-1198-4667-B554-51359F9EBD9F}.Release|Any CPU.Build.0 = Release|Any CPU
	EndGlobalSection
	GlobalSection(SolutionProperties) = preSolution
		HideSolutionNode = FALSE
	EndGlobalSection
	GlobalSection(ExtensibilityGlobals) = postSolution
		SolutionGuid = {4A32EEB2-74C9-4D69-A127-4795B3DB5666}
	EndGlobalSection
EndGlobal
